{
  "version": 4,
  "terraform_version": "1.9.2",
  "serial": 35,
  "lineage": "7558c480-bc86-0a9b-ecd5-4c5093f704da",
  "outputs": {},
  "resources": [
    {
      "mode": "managed",
      "type": "azapi_resource",
      "name": "aca",
      "provider": "provider[\"registry.terraform.io/azure/azapi\"]",
      "instances": [
        {
          "schema_version": 0,
          "attributes": {
            "body": "{\"properties\":{\"configuration\":{\"ingress\":{\"external\":true,\"targetPort\":80}},\"managedEnvironmentId\":\"/subscriptions/d6515aa4-099a-4321-af44-524179150834/resourceGroups/devopsrg/providers/Microsoft.App/managedEnvironments/devopsaca\",\"template\":{\"containers\":[{\"image\":\"nginx\",\"name\":\"webcontainers\",\"resources\":{\"cpu\":0.25,\"memory\":\"0.5Gi\"}}],\"scale\":{\"maxReplicas\":10,\"minReplicas\":2}}}}",
            "id": "/subscriptions/d6515aa4-099a-4321-af44-524179150834/resourceGroups/devopsrg/providers/Microsoft.App/containerApps/webapp",
            "identity": [
              {
                "identity_ids": [],
                "principal_id": "",
                "tenant_id": "",
                "type": "None"
              }
            ],
            "ignore_casing": false,
            "ignore_missing_property": false,
            "location": "East Asia",
            "locks": null,
            "name": "webapp",
            "output": "{}",
            "parent_id": "/subscriptions/d6515aa4-099a-4321-af44-524179150834/resourceGroups/devopsrg",
            "response_export_values": null,
            "schema_validation_enabled": true,
            "tags": {},
            "timeouts": null,
            "type": "Microsoft.App/containerApps@2022-03-01"
          },
          "sensitive_attributes": [],
          "private": "eyJlMmJmYjczMC1lY2FhLTExZTYtOGY4OC0zNDM2M2JjN2M0YzAiOnsiY3JlYXRlIjoxODAwMDAwMDAwMDAwLCJkZWxldGUiOjE4MDAwMDAwMDAwMDAsInJlYWQiOjMwMDAwMDAwMDAwMCwidXBkYXRlIjoxODAwMDAwMDAwMDAwfX0=",
          "dependencies": [
            "azapi_resource.devopsaca",
            "azurerm_log_analytics_workspace.devopslaw",
            "azurerm_resource_group.devopsrg"
          ]
        }
      ]
    },
    {
      "mode": "managed",
      "type": "azapi_resource",
      "name": "devopsaca",
      "provider": "provider[\"registry.terraform.io/azure/azapi\"]",
      "instances": [
        {
          "schema_version": 0,
          "attributes": {
            "body": "{\"properties\":{\"appLogsConfiguration\":{\"destination\":\"log-analytics\",\"logAnalyticsConfiguration\":{\"customerId\":\"2c6341f5-e6a1-489a-b8ae-ce5605e68d94\"}}}}",
            "id": "/subscriptions/d6515aa4-099a-4321-af44-524179150834/resourceGroups/devopsrg/providers/Microsoft.App/managedEnvironments/devopsaca",
            "identity": [],
            "ignore_casing": false,
            "ignore_missing_property": false,
            "location": "East Asia",
            "locks": null,
            "name": "devopsaca",
            "output": "{}",
            "parent_id": "/subscriptions/d6515aa4-099a-4321-af44-524179150834/resourceGroups/devopsrg",
            "response_export_values": null,
            "schema_validation_enabled": true,
            "tags": {},
            "timeouts": null,
            "type": "Microsoft.App/managedEnvironments@2022-03-01"
          },
          "sensitive_attributes": [
            [
              {
                "type": "get_attr",
                "value": "body"
              }
            ]
          ],
          "private": "eyJlMmJmYjczMC1lY2FhLTExZTYtOGY4OC0zNDM2M2JjN2M0YzAiOnsiY3JlYXRlIjoxODAwMDAwMDAwMDAwLCJkZWxldGUiOjE4MDAwMDAwMDAwMDAsInJlYWQiOjMwMDAwMDAwMDAwMCwidXBkYXRlIjoxODAwMDAwMDAwMDAwfX0=",
          "dependencies": [
            "azurerm_log_analytics_workspace.devopslaw",
            "azurerm_resource_group.devopsrg"
          ]
        }
      ]
    },
    {
      "mode": "managed",
      "type": "azurerm_log_analytics_workspace",
      "name": "devopslaw",
      "provider": "provider[\"registry.terraform.io/hashicorp/azurerm\"]",
      "instances": [
        {
          "schema_version": 2,
          "attributes": {
            "daily_quota_gb": -1,
            "id": "/subscriptions/d6515aa4-099a-4321-af44-524179150834/resourceGroups/devopsrg/providers/Microsoft.OperationalInsights/workspaces/devopslaw",
            "internet_ingestion_enabled": true,
            "internet_query_enabled": true,
            "location": "eastasia",
            "name": "devopslaw",
            "primary_shared_key": "A9VgdiRt730PtE62DEC6+JB3X4vT1uEiZGnPAHFmaW3y97bARS+hBME99SkJR+DW4xdi4n9dzW+pr3F7na+ffA==",
            "reservation_capacity_in_gb_per_day": null,
            "resource_group_name": "devopsrg",
            "retention_in_days": 30,
            "secondary_shared_key": "jK4BaxRsCSklo0RDVvEbMyNZG8iNB31FmD0kLJCmHjsIaDA/CUBPH54rm0hd8AucavAVIhyoPUxEpSM6MAt2FA==",
            "sku": "PerGB2018",
            "tags": null,
            "timeouts": null,
            "workspace_id": "2c6341f5-e6a1-489a-b8ae-ce5605e68d94"
          },
          "sensitive_attributes": [
            [
              {
                "type": "get_attr",
                "value": "primary_shared_key"
              }
            ],
            [
              {
                "type": "get_attr",
                "value": "secondary_shared_key"
              }
            ]
          ],
          "private": "eyJlMmJmYjczMC1lY2FhLTExZTYtOGY4OC0zNDM2M2JjN2M0YzAiOnsiY3JlYXRlIjoxODAwMDAwMDAwMDAwLCJkZWxldGUiOjE4MDAwMDAwMDAwMDAsInJlYWQiOjMwMDAwMDAwMDAwMCwidXBkYXRlIjoxODAwMDAwMDAwMDAwfSwic2NoZW1hX3ZlcnNpb24iOiIyIn0=",
          "dependencies": [
            "azurerm_resource_group.devopsrg"
          ]
        }
      ]
    },
    {
      "mode": "managed",
      "type": "azurerm_resource_group",
      "name": "devopsrg",
      "provider": "provider[\"registry.terraform.io/hashicorp/azurerm\"]",
      "instances": [
        {
          "schema_version": 0,
          "attributes": {
            "id": "/subscriptions/d6515aa4-099a-4321-af44-524179150834/resourceGroups/devopsrg",
            "location": "eastasia",
            "name": "devopsrg",
            "tags": null,
            "timeouts": null
          },
          "sensitive_attributes": [],
          "private": "eyJlMmJmYjczMC1lY2FhLTExZTYtOGY4OC0zNDM2M2JjN2M0YzAiOnsiY3JlYXRlIjo1NDAwMDAwMDAwMDAwLCJkZWxldGUiOjU0MDAwMDAwMDAwMDAsInJlYWQiOjMwMDAwMDAwMDAwMCwidXBkYXRlIjo1NDAwMDAwMDAwMDAwfX0="
        }
      ]
    }
  ],
  "check_results": null
}
